
Microsoft Visual Studio Solution File, Format Version 12.00
# Visual Studio Version 16
VisualStudioVersion = 16.0.32602.291
MinimumVisualStudioVersion = 10.0.40219.1
Project("{FAE04EC0-301F-11D3-BF4B-00C04F79EFBC}") = "CapaDatos", "CapaDatos\CapaDatos.csproj", "{CEEBF146-AAD2-49D1-BD62-2AFD7DCA48FC}"
EndProject
Project("{FAE04EC0-301F-11D3-BF4B-00C04F79EFBC}") = "CapaEntidades", "CapaEntidades\CapaEntidades.csproj", "{8183D819-D418-4A29-AB41-47C27CE466C4}"
EndProject
Project("{FAE04EC0-301F-11D3-BF4B-00C04F79EFBC}") = "CapaNegocio", "CapaNegocio\CapaNegocio.csproj", "{E3CA723B-FE96-47E1-998D-43274660CF3A}"
EndProject
Project("{FAE04EC0-301F-11D3-BF4B-00C04F79EFBC}") = "CapaPresentacion", "CapaPresentacion\CapaPresentacion.csproj", "{E7B27C7C-5E0B-475E-87FA-C5807E51606A}"
EndProject
Global
	GlobalSection(SolutionConfigurationPlatforms) = preSolution
		Debug|Any CPU = Debug|Any CPU
		Release|Any CPU = Release|Any CPU
	EndGlobalSection
	GlobalSection(ProjectConfigurationPlatforms) = postSolution
		{CEEBF146-AAD2-49D1-BD62-2AFD7DCA48FC}.Debug|Any CPU.ActiveCfg = Debug|Any CPU
		{CEEBF146-AAD2-49D1-BD62-2AFD7DCA48FC}.Debug|Any CPU.Build.0 = Debug|Any CPU
		{CEEBF146-AAD2-49D1-BD62-2AFD7DCA48FC}.Release|Any CPU.ActiveCfg = Release|Any CPU
		{CEEBF146-AAD2-49D1-BD62-2AFD7DCA48FC}.Release|Any CPU.Build.0 = Release|Any CPU
		{8183D819-D418-4A29-AB41-47C27CE466C4}.Debug|Any CPU.ActiveCfg = Debug|Any CPU
		{8183D819-D418-4A29-AB41-47C27CE466C4}.Debug|Any CPU.Build.0 = Debug|Any CPU
		{8183D819-D418-4A29-AB41-47C27CE466C4}.Release|Any CPU.ActiveCfg = Release|Any CPU
		{8183D819-D418-4A29-AB41-47C27CE466C4}.Release|Any CPU.Build.0 = Release|Any CPU
		{E3CA723B-FE96-47E1-998D-43274660CF3A}.Debug|Any CPU.ActiveCfg = Debug|Any CPU
		{E3CA723B-FE96-47E1-998D-43274660CF3A}.Debug|Any CPU.Build.0 = Debug|Any CPU
		{E3CA723B-FE96-47E1-998D-43274660CF3A}.Release|Any CPU.ActiveCfg = Release|Any CPU
		{E3CA723B-FE96-47E1-998D-43274660CF3A}.Release|Any CPU.Build.0 = Release|Any CPU
		{E7B27C7C-5E0B-475E-87FA-C5807E51606A}.Debug|Any CPU.ActiveCfg = Debug|Any CPU
		{E7B27C7C-5E0B-475E-87FA-C5807E51606A}.Debug|Any CPU.Build.0 = Debug|Any CPU
		{E7B27C7C-5E0B-475E-87FA-C5807E51606A}.Release|Any CPU.ActiveCfg = Release|Any CPU
		{E7B27C7C-5E0B-475E-87FA-C5807E51606A}.Release|Any CPU.Build.0 = Release|Any CPU
	EndGlobalSection
	GlobalSection(SolutionProperties) = preSolution
		HideSolutionNode = FALSE
	EndGlobalSection
	GlobalSection(ExtensibilityGlobals) = postSolution
		SolutionGuid = {29502138-9227-4B28-A4E4-AC196B8540D3}
	EndGlobalSection
EndGlobal
